
Microsoft Visual Studio Solution File, Format Version 12.00
# Visual Studio Version 17
VisualStudioVersion = 17.4.33103.184
MinimumVisualStudioVersion = 10.0.40219.1
Project("{FAE04EC0-301F-11D3-BF4B-00C04F79EFBC}") = "calc grade of students", "calc grade of students\calc grade of students.csproj", "{720DA215-7F95-4306-BEAF-ECC0511CDC08}"
EndProject
Global
	GlobalSection(SolutionConfigurationPlatforms) = preSolution
		Debug|Any CPU = Debug|Any CPU
		Release|Any CPU = Release|Any CPU
	EndGlobalSection
	GlobalSection(ProjectConfigurationPlatforms) = postSolution
		{720DA215-7F95-4306-BEAF-ECC0511CDC08}.Debug|Any CPU.ActiveCfg = Debug|Any CPU
		{720DA215-7F95-4306-BEAF-ECC0511CDC08}.Debug|Any CPU.Build.0 = Debug|Any CPU
		{720DA215-7F95-4306-BEAF-ECC0511CDC08}.Release|Any CPU.ActiveCfg = Release|Any CPU
		{720DA215-7F95-4306-BEAF-ECC0511CDC08}.Release|Any CPU.Build.0 = Release|Any CPU
	EndGlobalSection
	GlobalSection(SolutionProperties) = preSolution
		HideSolutionNode = FALSE
	EndGlobalSection
	GlobalSection(ExtensibilityGlobals) = postSolution
		SolutionGuid = {6DE618EC-0784-4FD4-8270-9DE5D00C6C9F}
	EndGlobalSection
EndGlobal
