
Microsoft Visual Studio Solution File, Format Version 12.00
# Visual Studio Version 17
VisualStudioVersion = 17.4.33103.184
MinimumVisualStudioVersion = 10.0.40219.1
Project("{FAE04EC0-301F-11D3-BF4B-00C04F79EFBC}") = "print  sum,subtraction,multiplication", "print  sum,subtraction,multiplication\print  sum,subtraction,multiplication.csproj", "{FF8C4AAA-0144-400A-81CF-9020AAC2EBAF}"
EndProject
Global
	GlobalSection(SolutionConfigurationPlatforms) = preSolution
		Debug|Any CPU = Debug|Any CPU
		Release|Any CPU = Release|Any CPU
	EndGlobalSection
	GlobalSection(ProjectConfigurationPlatforms) = postSolution
		{FF8C4AAA-0144-400A-81CF-9020AAC2EBAF}.Debug|Any CPU.ActiveCfg = Debug|Any CPU
		{FF8C4AAA-0144-400A-81CF-9020AAC2EBAF}.Debug|Any CPU.Build.0 = Debug|Any CPU
		{FF8C4AAA-0144-400A-81CF-9020AAC2EBAF}.Release|Any CPU.ActiveCfg = Release|Any CPU
		{FF8C4AAA-0144-400A-81CF-9020AAC2EBAF}.Release|Any CPU.Build.0 = Release|Any CPU
	EndGlobalSection
	GlobalSection(SolutionProperties) = preSolution
		HideSolutionNode = FALSE
	EndGlobalSection
	GlobalSection(ExtensibilityGlobals) = postSolution
		SolutionGuid = {9770DFFE-ECD2-4B23-96C8-05EA80C2D6F0}
	EndGlobalSection
EndGlobal
