
Microsoft Visual Studio Solution File, Format Version 12.00
# Visual Studio Version 17
VisualStudioVersion = 17.4.33103.184
MinimumVisualStudioVersion = 10.0.40219.1
Project("{FAE04EC0-301F-11D3-BF4B-00C04F79EFBC}") = "ConsoleApp2", "ConsoleApp2\ConsoleApp2.csproj", "{513D1A70-EA6B-4511-84AC-4316A7693126}"
EndProject
Global
	GlobalSection(SolutionConfigurationPlatforms) = preSolution
		Debug|Any CPU = Debug|Any CPU
		Release|Any CPU = Release|Any CPU
	EndGlobalSection
	GlobalSection(ProjectConfigurationPlatforms) = postSolution
		{513D1A70-EA6B-4511-84AC-4316A7693126}.Debug|Any CPU.ActiveCfg = Debug|Any CPU
		{513D1A70-EA6B-4511-84AC-4316A7693126}.Debug|Any CPU.Build.0 = Debug|Any CPU
		{513D1A70-EA6B-4511-84AC-4316A7693126}.Release|Any CPU.ActiveCfg = Release|Any CPU
		{513D1A70-EA6B-4511-84AC-4316A7693126}.Release|Any CPU.Build.0 = Release|Any CPU
	EndGlobalSection
	GlobalSection(SolutionProperties) = preSolution
		HideSolutionNode = FALSE
	EndGlobalSection
	GlobalSection(ExtensibilityGlobals) = postSolution
		SolutionGuid = {B177578B-7CE6-4A93-AF07-CAB3B156597F}
	EndGlobalSection
EndGlobal
