
Microsoft Visual Studio Solution File, Format Version 12.00
# Visual Studio Version 17
VisualStudioVersion = 17.4.33103.184
MinimumVisualStudioVersion = 10.0.40219.1
Project("{FAE04EC0-301F-11D3-BF4B-00C04F79EFBC}") = "convert character to ascii code", "convert character to ascii code\convert character to ascii code.csproj", "{AA415013-1C06-448D-AED7-6130175522D3}"
EndProject
Global
	GlobalSection(SolutionConfigurationPlatforms) = preSolution
		Debug|Any CPU = Debug|Any CPU
		Release|Any CPU = Release|Any CPU
	EndGlobalSection
	GlobalSection(ProjectConfigurationPlatforms) = postSolution
		{AA415013-1C06-448D-AED7-6130175522D3}.Debug|Any CPU.ActiveCfg = Debug|Any CPU
		{AA415013-1C06-448D-AED7-6130175522D3}.Debug|Any CPU.Build.0 = Debug|Any CPU
		{AA415013-1C06-448D-AED7-6130175522D3}.Release|Any CPU.ActiveCfg = Release|Any CPU
		{AA415013-1C06-448D-AED7-6130175522D3}.Release|Any CPU.Build.0 = Release|Any CPU
	EndGlobalSection
	GlobalSection(SolutionProperties) = preSolution
		HideSolutionNode = FALSE
	EndGlobalSection
	GlobalSection(ExtensibilityGlobals) = postSolution
		SolutionGuid = {C768E021-BD56-424C-BE47-71308A3F20C9}
	EndGlobalSection
EndGlobal
